<?xml version="1.0" encoding="utf-8"?>
<Project ToolsVersion="4.0" xmlns="http://schemas.microsoft.com/developer/msbuild/2003">
  <ItemGroup>
    <Filter Include="Source">
      <UniqueIdentifier>{7e641a58-0cc2-4005-9027-9f0e2ef31c08}</UniqueIdentifier>
    </Filter>
    <Filter Include="Common">
      <UniqueIdentifier>{d69b50b3-95bc-4b35-b4d0-6b6ca6c77f5c}</UniqueIdentifier>
    </Filter>
  </ItemGroup>
  <ItemGroup>
    <ClCompile Include="..\src\tool\mapcache.c">
      <Filter>Source</Filter>
    </ClCompile>
    <ClCompile Include="..\src\common\core.c">
      <Filter>Common</Filter>
    </ClCompile>
    <ClCompile Include="..\src\common\db.c">
      <Filter>Common</Filter>
    </ClCompile>
    <ClCompile Include="..\src\common\des.c">
      <Filter>Common</Filter>
    </ClCompile>
    <ClCompile Include="..\src\common\ers.c">
      <Filter>Common</Filter>
    </ClCompile>
    <ClCompile Include="..\src\common\grfio.c">
      <Filter>Common</Filter>
    </ClCompile>
    <ClCompile Include="..\src\common\lock.c">
      <Filter>Common</Filter>
    </ClCompile>
    <ClCompile Include="..\src\common\malloc.c">
      <Filter>Common</Filter>
    </ClCompile>
    <ClCompile Include="..\src\common\mapindex.c">
      <Filter>Common</Filter>
    </ClCompile>
    <ClCompile Include="..\src\common\md5calc.c">
      <Filter>Common</Filter>
    </ClCompile>
    <ClCompile Include="..\src\common\nullpo.c">
      <Filter>Common</Filter>
    </ClCompile>
    <ClCompile Include="..\src\common\plugins.c">
      <Filter>Common</Filter>
    </ClCompile>
    <ClCompile Include="..\src\common\random.c">
      <Filter>Common</Filter>
    </ClCompile>
    <ClCompile Include="..\src\common\showmsg.c">
      <Filter>Common</Filter>
    </ClCompile>
    <ClCompile Include="..\src\common\socket.c">
      <Filter>Common</Filter>
    </ClCompile>
    <ClCompile Include="..\src\common\sql.c">
      <Filter>Common</Filter>
    </ClCompile>
    <ClCompile Include="..\src\common\strlib.c">
      <Filter>Common</Filter>
    </ClCompile>
    <ClCompile Include="..\src\common\timer.c">
      <Filter>Common</Filter>
    </ClCompile>
    <ClCompile Include="..\src\common\utils.c">
      <Filter>Common</Filter>
    </ClCompile>
  </ItemGroup>
  <ItemGroup>
    <ClInclude Include="..\src\common\cbasetypes.h">
      <Filter>Common</Filter>
    </ClInclude>
    <ClInclude Include="..\src\common\config.vc.h">
      <Filter>Common</Filter>
    </ClInclude>
    <ClInclude Include="..\src\common\core.h">
      <Filter>Common</Filter>
    </ClInclude>
    <ClInclude Include="..\src\common\db.h">
      <Filter>Common</Filter>
    </ClInclude>
    <ClInclude Include="..\src\common\des.h">
      <Filter>Common</Filter>
    </ClInclude>
    <ClInclude Include="..\src\common\ers.h">
      <Filter>Common</Filter>
    </ClInclude>
    <ClInclude Include="..\src\common\grfio.h">
      <Filter>Common</Filter>
    </ClInclude>
    <ClInclude Include="..\src\common\lock.h">
      <Filter>Common</Filter>
    </ClInclude>
    <ClInclude Include="..\src\common\malloc.h">
      <Filter>Common</Filter>
    </ClInclude>
    <ClInclude Include="..\src\common\mapindex.h">
      <Filter>Common</Filter>
    </ClInclude>
    <ClInclude Include="..\src\common\md5calc.h">
      <Filter>Common</Filter>
    </ClInclude>
    <ClInclude Include="..\src\common\mmo.h">
      <Filter>Common</Filter>
    </ClInclude>
    <ClInclude Include="..\src\common\nullpo.h">
      <Filter>Common</Filter>
    </ClInclude>
    <ClInclude Include="..\src\common\plugin.h">
      <Filter>Common</Filter>
    </ClInclude>
    <ClInclude Include="..\src\common\plugins.h">
      <Filter>Common</Filter>
    </ClInclude>
    <ClInclude Include="..\src\common\random.h">
      <Filter>Common</Filter>
    </ClInclude>
    <ClInclude Include="..\src\common\showmsg.h">
      <Filter>Common</Filter>
    </ClInclude>
    <ClInclude Include="..\src\common\socket.h">
      <Filter>Common</Filter>
    </ClInclude>
    <ClInclude Include="..\src\common\sql.h">
      <Filter>Common</Filter>
    </ClInclude>
    <ClInclude Include="..\src\common\strlib.h">
      <Filter>Common</Filter>
    </ClInclude>
    <ClInclude Include="..\src\common\timer.h">
      <Filter>Common</Filter>
    </ClInclude>
    <ClInclude Include="..\src\common\utils.h">
      <Filter>Common</Filter>
    </ClInclude>
    <ClInclude Include="..\src\common\version.h">
      <Filter>Common</Filter>
    </ClInclude>
  </ItemGroup>
</Project>